
Microsoft Visual Studio Solution File, Format Version 12.00
# Visual Studio 14
VisualStudioVersion = 14.0.25420.1
MinimumVisualStudioVersion = 10.0.40219.1
Project("{FAE04EC0-301F-11D3-BF4B-00C04F79EFBC}") = "BankApp", "BankApp\BankApp.csproj", "{A59C0EDE-3C8B-4A0D-8F5D-47CFB594B091}"
EndProject
Global
	GlobalSection(SolutionConfigurationPlatforms) = preSolution
		Debug|Any CPU = Debug|Any CPU
		Release|Any CPU = Release|Any CPU
	EndGlobalSection
	GlobalSection(ProjectConfigurationPlatforms) = postSolution
		{A59C0EDE-3C8B-4A0D-8F5D-47CFB594B091}.Debug|Any CPU.ActiveCfg = Debug|Any CPU
		{A59C0EDE-3C8B-4A0D-8F5D-47CFB594B091}.Debug|Any CPU.Build.0 = Debug|Any CPU
		{A59C0EDE-3C8B-4A0D-8F5D-47CFB594B091}.Release|Any CPU.ActiveCfg = Release|Any CPU
		{A59C0EDE-3C8B-4A0D-8F5D-47CFB594B091}.Release|Any CPU.Build.0 = Release|Any CPU
	EndGlobalSection
	GlobalSection(SolutionProperties) = preSolution
		HideSolutionNode = FALSE
	EndGlobalSection
EndGlobal
